
Microsoft Visual Studio Solution File, Format Version 12.00
# Visual Studio Version 17
VisualStudioVersion = 17.0.32014.148
MinimumVisualStudioVersion = 10.0.40219.1
Project("{9A19103F-16F7-4668-BE54-9A1E7A4F7556}") = "Jibble.Console", "JibbleAssignment\Jibble.Console.csproj", "{15C59321-C55C-459C-99A2-D46BB7DB2CE2}"
EndProject
Project("{9A19103F-16F7-4668-BE54-9A1E7A4F7556}") = "Jibble.Core", "Jibble.Core\Jibble.Core.csproj", "{B7E59AEC-1102-49A6-8097-FDBE2FF4FEDF}"
EndProject
Project("{FAE04EC0-301F-11D3-BF4B-00C04F79EFBC}") = "Jibble.Tests", "Jibble.Tests\Jibble.Tests.csproj", "{A0BB2770-A4EA-4DEB-9066-F0BB80F94F62}"
EndProject
Global
	GlobalSection(SolutionConfigurationPlatforms) = preSolution
		Debug|Any CPU = Debug|Any CPU
		Release|Any CPU = Release|Any CPU
	EndGlobalSection
	GlobalSection(ProjectConfigurationPlatforms) = postSolution
		{15C59321-C55C-459C-99A2-D46BB7DB2CE2}.Debug|Any CPU.ActiveCfg = Debug|Any CPU
		{15C59321-C55C-459C-99A2-D46BB7DB2CE2}.Debug|Any CPU.Build.0 = Debug|Any CPU
		{15C59321-C55C-459C-99A2-D46BB7DB2CE2}.Release|Any CPU.ActiveCfg = Release|Any CPU
		{15C59321-C55C-459C-99A2-D46BB7DB2CE2}.Release|Any CPU.Build.0 = Release|Any CPU
		{B7E59AEC-1102-49A6-8097-FDBE2FF4FEDF}.Debug|Any CPU.ActiveCfg = Debug|Any CPU
		{B7E59AEC-1102-49A6-8097-FDBE2FF4FEDF}.Debug|Any CPU.Build.0 = Debug|Any CPU
		{B7E59AEC-1102-49A6-8097-FDBE2FF4FEDF}.Release|Any CPU.ActiveCfg = Release|Any CPU
		{B7E59AEC-1102-49A6-8097-FDBE2FF4FEDF}.Release|Any CPU.Build.0 = Release|Any CPU
		{A0BB2770-A4EA-4DEB-9066-F0BB80F94F62}.Debug|Any CPU.ActiveCfg = Debug|Any CPU
		{A0BB2770-A4EA-4DEB-9066-F0BB80F94F62}.Debug|Any CPU.Build.0 = Debug|Any CPU
		{A0BB2770-A4EA-4DEB-9066-F0BB80F94F62}.Release|Any CPU.ActiveCfg = Release|Any CPU
		{A0BB2770-A4EA-4DEB-9066-F0BB80F94F62}.Release|Any CPU.Build.0 = Release|Any CPU
	EndGlobalSection
	GlobalSection(SolutionProperties) = preSolution
		HideSolutionNode = FALSE
	EndGlobalSection
	GlobalSection(ExtensibilityGlobals) = postSolution
		SolutionGuid = {4F0FC5CA-CCBC-4EE6-95FB-AABBA75EAADF}
	EndGlobalSection
EndGlobal
